
Microsoft Visual Studio Solution File, Format Version 12.00
# Visual Studio Version 16
VisualStudioVersion = 16.0.31410.357
MinimumVisualStudioVersion = 10.0.40219.1
Project("{FAE04EC0-301F-11D3-BF4B-00C04F79EFBC}") = "Parcels.Console", "Parcels.Console\Parcels.Console.csproj", "{DB8A284A-286F-44EC-B60A-E5763AFD85DA}"
EndProject
Project("{FAE04EC0-301F-11D3-BF4B-00C04F79EFBC}") = "Parcels.Application", "Parcels.Application\Parcels.Application.csproj", "{3815B0A2-EF7C-487C-9EF8-EC8EB9F910B2}"
EndProject
Project("{FAE04EC0-301F-11D3-BF4B-00C04F79EFBC}") = "Parcels.Test", "Parcels.Test\Parcels.Test.csproj", "{B374D4BD-F388-4572-9E55-22E0B0B7DB83}"
EndProject
Global
	GlobalSection(SolutionConfigurationPlatforms) = preSolution
		Debug|Any CPU = Debug|Any CPU
		Release|Any CPU = Release|Any CPU
	EndGlobalSection
	GlobalSection(ProjectConfigurationPlatforms) = postSolution
		{DB8A284A-286F-44EC-B60A-E5763AFD85DA}.Debug|Any CPU.ActiveCfg = Debug|Any CPU
		{DB8A284A-286F-44EC-B60A-E5763AFD85DA}.Debug|Any CPU.Build.0 = Debug|Any CPU
		{DB8A284A-286F-44EC-B60A-E5763AFD85DA}.Release|Any CPU.ActiveCfg = Release|Any CPU
		{DB8A284A-286F-44EC-B60A-E5763AFD85DA}.Release|Any CPU.Build.0 = Release|Any CPU
		{3815B0A2-EF7C-487C-9EF8-EC8EB9F910B2}.Debug|Any CPU.ActiveCfg = Debug|Any CPU
		{3815B0A2-EF7C-487C-9EF8-EC8EB9F910B2}.Debug|Any CPU.Build.0 = Debug|Any CPU
		{3815B0A2-EF7C-487C-9EF8-EC8EB9F910B2}.Release|Any CPU.ActiveCfg = Release|Any CPU
		{3815B0A2-EF7C-487C-9EF8-EC8EB9F910B2}.Release|Any CPU.Build.0 = Release|Any CPU
		{B374D4BD-F388-4572-9E55-22E0B0B7DB83}.Debug|Any CPU.ActiveCfg = Debug|Any CPU
		{B374D4BD-F388-4572-9E55-22E0B0B7DB83}.Debug|Any CPU.Build.0 = Debug|Any CPU
		{B374D4BD-F388-4572-9E55-22E0B0B7DB83}.Release|Any CPU.ActiveCfg = Release|Any CPU
		{B374D4BD-F388-4572-9E55-22E0B0B7DB83}.Release|Any CPU.Build.0 = Release|Any CPU
	EndGlobalSection
	GlobalSection(SolutionProperties) = preSolution
		HideSolutionNode = FALSE
	EndGlobalSection
	GlobalSection(ExtensibilityGlobals) = postSolution
		SolutionGuid = {5B40101C-1035-46F7-B87D-3F7C868E661E}
	EndGlobalSection
EndGlobal
